
Microsoft Visual Studio Solution File, Format Version 12.00
# Visual Studio Version 16
VisualStudioVersion = 16.0.30523.141
MinimumVisualStudioVersion = 10.0.40219.1
Project("{FAE04EC0-301F-11D3-BF4B-00C04F79EFBC}") = "Capstone", "Capstone\Capstone.csproj", "{746CDA81-99F4-4B78-A2B2-A9FB3803B3CD}"
EndProject
Global
	GlobalSection(SolutionConfigurationPlatforms) = preSolution
		Debug|Any CPU = Debug|Any CPU
		Release|Any CPU = Release|Any CPU
	EndGlobalSection
	GlobalSection(ProjectConfigurationPlatforms) = postSolution
		{746CDA81-99F4-4B78-A2B2-A9FB3803B3CD}.Debug|Any CPU.ActiveCfg = Debug|Any CPU
		{746CDA81-99F4-4B78-A2B2-A9FB3803B3CD}.Debug|Any CPU.Build.0 = Debug|Any CPU
		{746CDA81-99F4-4B78-A2B2-A9FB3803B3CD}.Release|Any CPU.ActiveCfg = Release|Any CPU
		{746CDA81-99F4-4B78-A2B2-A9FB3803B3CD}.Release|Any CPU.Build.0 = Release|Any CPU
	EndGlobalSection
	GlobalSection(SolutionProperties) = preSolution
		HideSolutionNode = FALSE
	EndGlobalSection
	GlobalSection(ExtensibilityGlobals) = postSolution
		SolutionGuid = {3027176B-3B55-40EF-9A76-28B20C654485}
	EndGlobalSection
EndGlobal
